PODS:
  - SampleTestFW (0.0.1)

DEPENDENCIES:
  - SampleTestFW (from `../SampleTestFW`)

EXTERNAL SOURCES:
  SampleTestFW:
    :path: ../SampleTestFW

SPEC CHECKSUMS:
  SampleTestFW: 4476bfa8fd017e0909748a00514fef6efc520f5c

PODFILE CHECKSUM: da56a0d8d30a4f92169f6ffc3820fe5bb9adcfc3

COCOAPODS: 1.3.1
