PODS:
  - SampleTestFW (0.0.1)

DEPENDENCIES:
  - SampleTestFW (from `../SampleTestFW`)

EXTERNAL SOURCES:
  SampleTestFW:
    :path: ../SampleTestFW

SPEC CHECKSUMS:
  SampleTestFW: 3d4e4fd7bcd31c1620510ec447fb5e36c3dbb4ff

PODFILE CHECKSUM: da56a0d8d30a4f92169f6ffc3820fe5bb9adcfc3

COCOAPODS: 1.3.1
